
Microsoft Visual Studio Solution File, Format Version 12.00
# Visual Studio 15
VisualStudioVersion = 15.0.28307.1062
MinimumVisualStudioVersion = 10.0.40219.1
Project("{FAE04EC0-301F-11D3-BF4B-00C04F79EFBC}") = "JenkinsTest", "JenkinsTest\JenkinsTest.csproj", "{7C292510-D997-4C86-81DD-16F62A011F87}"
EndProject
Project("{2150E333-8FDC-42A3-9474-1A3956D46DE8}") = "Solution Items", "Solution Items", "{2164167D-4A02-4D38-82B6-C8F019884D18}"
	ProjectSection(SolutionItems) = preProject
		JenkinsTest.testsettings = JenkinsTest.testsettings
	EndProjectSection
EndProject
Global
	GlobalSection(SolutionConfigurationPlatforms) = preSolution
		Debug|Any CPU = Debug|Any CPU
		Release|Any CPU = Release|Any CPU
	EndGlobalSection
	GlobalSection(ProjectConfigurationPlatforms) = postSolution
		{7C292510-D997-4C86-81DD-16F62A011F87}.Debug|Any CPU.ActiveCfg = Debug|Any CPU
		{7C292510-D997-4C86-81DD-16F62A011F87}.Debug|Any CPU.Build.0 = Debug|Any CPU
		{7C292510-D997-4C86-81DD-16F62A011F87}.Release|Any CPU.ActiveCfg = Release|Any CPU
		{7C292510-D997-4C86-81DD-16F62A011F87}.Release|Any CPU.Build.0 = Release|Any CPU
	EndGlobalSection
	GlobalSection(SolutionProperties) = preSolution
		HideSolutionNode = FALSE
	EndGlobalSection
	GlobalSection(ExtensibilityGlobals) = postSolution
		SolutionGuid = {BC2993D0-A300-4421-9590-7B5E679307B4}
	EndGlobalSection
EndGlobal
